
Microsoft Visual Studio Solution File, Format Version 12.00
# Visual Studio Version 17
VisualStudioVersion = 17.6.33815.320
MinimumVisualStudioVersion = 10.0.40219.1
Project("{8BC9CEB8-8B4A-11D0-8D11-00A0C91BC942}") = "Dynamic Memory", "Dynamic Memory.vcxproj", "{C69E1658-2435-40ED-9F55-6D3B1F97AC45}"
EndProject
Global
	GlobalSection(SolutionConfigurationPlatforms) = preSolution
		Debug|x64 = Debug|x64
		Debug|x86 = Debug|x86
		Release|x64 = Release|x64
		Release|x86 = Release|x86
	EndGlobalSection
	GlobalSection(ProjectConfigurationPlatforms) = postSolution
		{C69E1658-2435-40ED-9F55-6D3B1F97AC45}.Debug|x64.ActiveCfg = Debug|x64
		{C69E1658-2435-40ED-9F55-6D3B1F97AC45}.Debug|x64.Build.0 = Debug|x64
		{C69E1658-2435-40ED-9F55-6D3B1F97AC45}.Debug|x86.ActiveCfg = Debug|Win32
		{C69E1658-2435-40ED-9F55-6D3B1F97AC45}.Debug|x86.Build.0 = Debug|Win32
		{C69E1658-2435-40ED-9F55-6D3B1F97AC45}.Release|x64.ActiveCfg = Release|x64
		{C69E1658-2435-40ED-9F55-6D3B1F97AC45}.Release|x64.Build.0 = Release|x64
		{C69E1658-2435-40ED-9F55-6D3B1F97AC45}.Release|x86.ActiveCfg = Release|Win32
		{C69E1658-2435-40ED-9F55-6D3B1F97AC45}.Release|x86.Build.0 = Release|Win32
	EndGlobalSection
	GlobalSection(SolutionProperties) = preSolution
		HideSolutionNode = FALSE
	EndGlobalSection
	GlobalSection(ExtensibilityGlobals) = postSolution
		SolutionGuid = {8BFDEBFD-7E49-47EA-A2F3-B51299B7F21D}
	EndGlobalSection
EndGlobal
