
Microsoft Visual Studio Solution File, Format Version 12.00
# Visual Studio Version 17
VisualStudioVersion = 17.6.33815.320
MinimumVisualStudioVersion = 10.0.40219.1
Project("{8BC9CEB8-8B4A-11D0-8D11-00A0C91BC942}") = "Tournament Tree Order", "Tournament Tree Order.vcxproj", "{A7F263F0-D5A4-47F4-B4A0-29D161A16EAE}"
EndProject
Global
	GlobalSection(SolutionConfigurationPlatforms) = preSolution
		Debug|x64 = Debug|x64
		Debug|x86 = Debug|x86
		Release|x64 = Release|x64
		Release|x86 = Release|x86
	EndGlobalSection
	GlobalSection(ProjectConfigurationPlatforms) = postSolution
		{A7F263F0-D5A4-47F4-B4A0-29D161A16EAE}.Debug|x64.ActiveCfg = Debug|x64
		{A7F263F0-D5A4-47F4-B4A0-29D161A16EAE}.Debug|x64.Build.0 = Debug|x64
		{A7F263F0-D5A4-47F4-B4A0-29D161A16EAE}.Debug|x86.ActiveCfg = Debug|Win32
		{A7F263F0-D5A4-47F4-B4A0-29D161A16EAE}.Debug|x86.Build.0 = Debug|Win32
		{A7F263F0-D5A4-47F4-B4A0-29D161A16EAE}.Release|x64.ActiveCfg = Release|x64
		{A7F263F0-D5A4-47F4-B4A0-29D161A16EAE}.Release|x64.Build.0 = Release|x64
		{A7F263F0-D5A4-47F4-B4A0-29D161A16EAE}.Release|x86.ActiveCfg = Release|Win32
		{A7F263F0-D5A4-47F4-B4A0-29D161A16EAE}.Release|x86.Build.0 = Release|Win32
	EndGlobalSection
	GlobalSection(SolutionProperties) = preSolution
		HideSolutionNode = FALSE
	EndGlobalSection
	GlobalSection(ExtensibilityGlobals) = postSolution
		SolutionGuid = {CEACEE87-10A0-4CBD-86D3-B0BB14DCBD1A}
	EndGlobalSection
EndGlobal
